// !$*UTF8*$!
{
	archiveVersion = 1;
	classes = {
	};
	objectVersion = 46;
	objects = {

/* Begin PBXBuildFile section */
		034E6954182C83D400BD5612 /* Foundation.framework in Frameworks */ = {isa = PBXBuildFile; fileRef = 034E6953182C83D400BD5612 /* Foundation.framework */; };
		034E6956182C83D400BD5612 /* CoreGraphics.framework in Frameworks */ = {isa = PBXBuildFile; fileRef = 034E6955182C83D400BD5612 /* CoreGraphics.framework */; };
		034E6958182C83D400BD5612 /* UIKit.framework in Frameworks */ = {isa = PBXBuildFile; fileRef = 034E6957182C83D400BD5612 /* UIKit.framework */; };
		034E695E182C83D400BD5612 /* InfoPlist.strings in Resources */ = {isa = PBXBuildFile; fileRef = 034E695C182C83D400BD5612 /* InfoPlist.strings */; };
		034E6960182C83D400BD5612 /* main.m in Sources */ = {isa = PBXBuildFile; fileRef = 034E695F182C83D400BD5612 /* main.m */; };
		034E6964182C83D400BD5612 /* CICAppDelegate.m in Sources */ = {isa = PBXBuildFile; fileRef = 034E6963182C83D400BD5612 /* CICAppDelegate.m */; };
		034E6966182C83D400BD5612 /* Images.xcassets in Resources */ = {isa = PBXBuildFile; fileRef = 034E6965182C83D400BD5612 /* Images.xcassets */; };
		034E696D182C83D400BD5612 /* XCTest.framework in Frameworks */ = {isa = PBXBuildFile; fileRef = 034E696C182C83D400BD5612 /* XCTest.framework */; };
		034E696E182C83D400BD5612 /* Foundation.framework in Frameworks */ = {isa = PBXBuildFile; fileRef = 034E6953182C83D400BD5612 /* Foundation.framework */; };
		034E696F182C83D400BD5612 /* UIKit.framework in Frameworks */ = {isa = PBXBuildFile; fileRef = 034E6957182C83D400BD5612 /* UIKit.framework */; };
		034E6977182C83D400BD5612 /* InfoPlist.strings in Resources */ = {isa = PBXBuildFile; fileRef = 034E6975182C83D400BD5612 /* InfoPlist.strings */; };
		034E6979182C83D400BD5612 /* CarInfoCaptureTests.m in Sources */ = {isa = PBXBuildFile; fileRef = 034E6978182C83D400BD5612 /* CarInfoCaptureTests.m */; };
		034E6983182C842700BD5612 /* Main.storyboard in Resources */ = {isa = PBXBuildFile; fileRef = 034E6982182C842700BD5612 /* Main.storyboard */; };
		03646F7F1830B216005A81D9 /* CICCarFirstReportViewController.m in Sources */ = {isa = PBXBuildFile; fileRef = 03646F7E1830B216005A81D9 /* CICCarFirstReportViewController.m */; };
		03646F821830CE28005A81D9 /* CICMyCaptureListViewController.m in Sources */ = {isa = PBXBuildFile; fileRef = 03646F811830CE28005A81D9 /* CICMyCaptureListViewController.m */; };
		03646F851830D66D005A81D9 /* CICCarInfoService.m in Sources */ = {isa = PBXBuildFile; fileRef = 03646F841830D66D005A81D9 /* CICCarInfoService.m */; };
		03646F881830DB8A005A81D9 /* CICCarInfoCell.m in Sources */ = {isa = PBXBuildFile; fileRef = 03646F871830DB8A005A81D9 /* CICCarInfoCell.m */; };
		03D8102A1830ECD400264735 /* CICCarInfoEntity.m in Sources */ = {isa = PBXBuildFile; fileRef = 03D810291830ECD400264735 /* CICCarInfoEntity.m */; };
/* End PBXBuildFile section */

/* Begin PBXContainerItemProxy section */
		034E6970182C83D400BD5612 /* PBXContainerItemProxy */ = {
			isa = PBXContainerItemProxy;
			containerPortal = 034E6948182C83D400BD5612 /* Project object */;
			proxyType = 1;
			remoteGlobalIDString = 034E694F182C83D400BD5612;
			remoteInfo = CarInfoCapture;
		};
/* End PBXContainerItemProxy section */

/* Begin PBXFileReference section */
		034E6950182C83D400BD5612 /* CarInfoCapture.app */ = {isa = PBXFileReference; explicitFileType = wrapper.application; includeInIndex = 0; path = CarInfoCapture.app; sourceTree = BUILT_PRODUCTS_DIR; };
		034E6953182C83D400BD5612 /* Foundation.framework */ = {isa = PBXFileReference; lastKnownFileType = wrapper.framework; name = Foundation.framework; path = System/Library/Frameworks/Foundation.framework; sourceTree = SDKROOT; };
		034E6955182C83D400BD5612 /* CoreGraphics.framework */ = {isa = PBXFileReference; lastKnownFileType = wrapper.framework; name = CoreGraphics.framework; path = System/Library/Frameworks/CoreGraphics.framework; sourceTree = SDKROOT; };
		034E6957182C83D400BD5612 /* UIKit.framework */ = {isa = PBXFileReference; lastKnownFileType = wrapper.framework; name = UIKit.framework; path = System/Library/Frameworks/UIKit.framework; sourceTree = SDKROOT; };
		034E695B182C83D400BD5612 /* CarInfoCapture-Info.plist */ = {isa = PBXFileReference; lastKnownFileType = text.plist.xml; path = "CarInfoCapture-Info.plist"; sourceTree = "<group>"; };
		034E695D182C83D400BD5612 /* en */ = {isa = PBXFileReference; lastKnownFileType = text.plist.strings; name = en; path = en.lproj/InfoPlist.strings; sourceTree = "<group>"; };
		034E695F182C83D400BD5612 /* main.m */ = {isa = PBXFileReference; lastKnownFileType = sourcecode.c.objc; path = main.m; sourceTree = "<group>"; };
		034E6961182C83D400BD5612 /* CarInfoCapture-Prefix.pch */ = {isa = PBXFileReference; lastKnownFileType = sourcecode.c.h; path = "CarInfoCapture-Prefix.pch"; sourceTree = "<group>"; };
		034E6962182C83D400BD5612 /* CICAppDelegate.h */ = {isa = PBXFileReference; lastKnownFileType = sourcecode.c.h; path = CICAppDelegate.h; sourceTree = "<group>"; };
		034E6963182C83D400BD5612 /* CICAppDelegate.m */ = {isa = PBXFileReference; lastKnownFileType = sourcecode.c.objc; path = CICAppDelegate.m; sourceTree = "<group>"; };
		034E6965182C83D400BD5612 /* Images.xcassets */ = {isa = PBXFileReference; lastKnownFileType = folder.assetcatalog; path = Images.xcassets; sourceTree = "<group>"; };
		034E696B182C83D400BD5612 /* CarInfoCaptureTests.xctest */ = {isa = PBXFileReference; explicitFileType = wrapper.cfbundle; includeInIndex = 0; path = CarInfoCaptureTests.xctest; sourceTree = BUILT_PRODUCTS_DIR; };
		034E696C182C83D400BD5612 /* XCTest.framework */ = {isa = PBXFileReference; lastKnownFileType = wrapper.framework; name = XCTest.framework; path = Library/Frameworks/XCTest.framework; sourceTree = DEVELOPER_DIR; };
		034E6974182C83D400BD5612 /* CarInfoCaptureTests-Info.plist */ = {isa = PBXFileReference; lastKnownFileType = text.plist.xml; path = "CarInfoCaptureTests-Info.plist"; sourceTree = "<group>"; };
		034E6976182C83D400BD5612 /* en */ = {isa = PBXFileReference; lastKnownFileType = text.plist.strings; name = en; path = en.lproj/InfoPlist.strings; sourceTree = "<group>"; };
		034E6978182C83D400BD5612 /* CarInfoCaptureTests.m */ = {isa = PBXFileReference; lastKnownFileType = sourcecode.c.objc; path = CarInfoCaptureTests.m; sourceTree = "<group>"; };
		034E6982182C842700BD5612 /* Main.storyboard */ = {isa = PBXFileReference; fileEncoding = 4; lastKnownFileType = file.storyboard; path = Main.storyboard; sourceTree = "<group>"; };
		03646F7D1830B216005A81D9 /* CICCarFirstReportViewController.h */ = {isa = PBXFileReference; fileEncoding = 4; lastKnownFileType = sourcecode.c.h; path = CICCarFirstReportViewController.h; sourceTree = "<group>"; };
		03646F7E1830B216005A81D9 /* CICCarFirstReportViewController.m */ = {isa = PBXFileReference; fileEncoding = 4; lastKnownFileType = sourcecode.c.objc; path = CICCarFirstReportViewController.m; sourceTree = "<group>"; };
		03646F801830CE28005A81D9 /* CICMyCaptureListViewController.h */ = {isa = PBXFileReference; fileEncoding = 4; lastKnownFileType = sourcecode.c.h; path = CICMyCaptureListViewController.h; sourceTree = "<group>"; };
		03646F811830CE28005A81D9 /* CICMyCaptureListViewController.m */ = {isa = PBXFileReference; fileEncoding = 4; lastKnownFileType = sourcecode.c.objc; path = CICMyCaptureListViewController.m; sourceTree = "<group>"; };
		03646F831830D66D005A81D9 /* CICCarInfoService.h */ = {isa = PBXFileReference; fileEncoding = 4; lastKnownFileType = sourcecode.c.h; path = CICCarInfoService.h; sourceTree = "<group>"; };
		03646F841830D66D005A81D9 /* CICCarInfoService.m */ = {isa = PBXFileReference; fileEncoding = 4; lastKnownFileType = sourcecode.c.objc; path = CICCarInfoService.m; sourceTree = "<group>"; };
		03646F861830DB8A005A81D9 /* CICCarInfoCell.h */ = {isa = PBXFileReference; fileEncoding = 4; lastKnownFileType = sourcecode.c.h; path = CICCarInfoCell.h; sourceTree = "<group>"; };
		03646F871830DB8A005A81D9 /* CICCarInfoCell.m */ = {isa = PBXFileReference; fileEncoding = 4; lastKnownFileType = sourcecode.c.objc; path = CICCarInfoCell.m; sourceTree = "<group>"; };
		03D810281830ECD400264735 /* CICCarInfoEntity.h */ = {isa = PBXFileReference; fileEncoding = 4; lastKnownFileType = sourcecode.c.h; path = CICCarInfoEntity.h; sourceTree = "<group>"; };
		03D810291830ECD400264735 /* CICCarInfoEntity.m */ = {isa = PBXFileReference; fileEncoding = 4; lastKnownFileType = sourcecode.c.objc; path = CICCarInfoEntity.m; sourceTree = "<group>"; };
/* End PBXFileReference section */

/* Begin PBXFrameworksBuildPhase section */
		034E694D182C83D400BD5612 /* Frameworks */ = {
			isa = PBXFrameworksBuildPhase;
			buildActionMask = 2147483647;
			files = (
				034E6956182C83D400BD5612 /* CoreGraphics.framework in Frameworks */,
				034E6958182C83D400BD5612 /* UIKit.framework in Frameworks */,
				034E6954182C83D400BD5612 /* Foundation.framework in Frameworks */,
			);
			runOnlyForDeploymentPostprocessing = 0;
		};
		034E6968182C83D400BD5612 /* Frameworks */ = {
			isa = PBXFrameworksBuildPhase;
			buildActionMask = 2147483647;
			files = (
				034E696D182C83D400BD5612 /* XCTest.framework in Frameworks */,
				034E696F182C83D400BD5612 /* UIKit.framework in Frameworks */,
				034E696E182C83D400BD5612 /* Foundation.framework in Frameworks */,
			);
			runOnlyForDeploymentPostprocessing = 0;
		};
/* End PBXFrameworksBuildPhase section */

/* Begin PBXGroup section */
		034E6947182C83D400BD5612 = {
			isa = PBXGroup;
			children = (
				034E6959182C83D400BD5612 /* CarInfoCapture */,
				034E6972182C83D400BD5612 /* CarInfoCaptureTests */,
				034E6952182C83D400BD5612 /* Frameworks */,
				034E6951182C83D400BD5612 /* Products */,
			);
			sourceTree = "<group>";
		};
		034E6951182C83D400BD5612 /* Products */ = {
			isa = PBXGroup;
			children = (
				034E6950182C83D400BD5612 /* CarInfoCapture.app */,
				034E696B182C83D400BD5612 /* CarInfoCaptureTests.xctest */,
			);
			name = Products;
			sourceTree = "<group>";
		};
		034E6952182C83D400BD5612 /* Frameworks */ = {
			isa = PBXGroup;
			children = (
				034E6953182C83D400BD5612 /* Foundation.framework */,
				034E6955182C83D400BD5612 /* CoreGraphics.framework */,
				034E6957182C83D400BD5612 /* UIKit.framework */,
				034E696C182C83D400BD5612 /* XCTest.framework */,
			);
			name = Frameworks;
			sourceTree = "<group>";
		};
		034E6959182C83D400BD5612 /* CarInfoCapture */ = {
			isa = PBXGroup;
			children = (
				034E6962182C83D400BD5612 /* CICAppDelegate.h */,
				034E6963182C83D400BD5612 /* CICAppDelegate.m */,
				034E6965182C83D400BD5612 /* Images.xcassets */,
				034E695A182C83D400BD5612 /* Supporting Files */,
				034E6982182C842700BD5612 /* Main.storyboard */,
				03646F7D1830B216005A81D9 /* CICCarFirstReportViewController.h */,
				03646F7E1830B216005A81D9 /* CICCarFirstReportViewController.m */,
				03646F801830CE28005A81D9 /* CICMyCaptureListViewController.h */,
				03646F811830CE28005A81D9 /* CICMyCaptureListViewController.m */,
				03646F831830D66D005A81D9 /* CICCarInfoService.h */,
				03646F841830D66D005A81D9 /* CICCarInfoService.m */,
				03646F861830DB8A005A81D9 /* CICCarInfoCell.h */,
				03646F871830DB8A005A81D9 /* CICCarInfoCell.m */,
				03D810281830ECD400264735 /* CICCarInfoEntity.h */,
				03D810291830ECD400264735 /* CICCarInfoEntity.m */,
			);
			path = CarInfoCapture;
			sourceTree = "<group>";
		};
		034E695A182C83D400BD5612 /* Supporting Files */ = {
			isa = PBXGroup;
			children = (
				034E695B182C83D400BD5612 /* CarInfoCapture-Info.plist */,
				034E695C182C83D400BD5612 /* InfoPlist.strings */,
				034E695F182C83D400BD5612 /* main.m */,
				034E6961182C83D400BD5612 /* CarInfoCapture-Prefix.pch */,
			);
			name = "Supporting Files";
			sourceTree = "<group>";
		};
		034E6972182C83D400BD5612 /* CarInfoCaptureTests */ = {
			isa = PBXGroup;
			children = (
				034E6978182C83D400BD5612 /* CarInfoCaptureTests.m */,
				034E6973182C83D400BD5612 /* Supporting Files */,
			);
			path = CarInfoCaptureTests;
			sourceTree = "<group>";
		};
		034E6973182C83D400BD5612 /* Supporting Files */ = {
			isa = PBXGroup;
			children = (
				034E6974182C83D400BD5612 /* CarInfoCaptureTests-Info.plist */,
				034E6975182C83D400BD5612 /* InfoPlist.strings */,
			);
			name = "Supporting Files";
			sourceTree = "<group>";
		};
/* End PBXGroup section */

/* Begin PBXNativeTarget section */
		034E694F182C83D400BD5612 /* CarInfoCapture */ = {
			isa = PBXNativeTarget;
			buildConfigurationList = 034E697C182C83D400BD5612 /* Build configuration list for PBXNativeTarget "CarInfoCapture" */;
			buildPhases = (
				034E694C182C83D400BD5612 /* Sources */,
				034E694D182C83D400BD5612 /* Frameworks */,
				034E694E182C83D400BD5612 /* Resources */,
			);
			buildRules = (
			);
			dependencies = (
			);
			name = CarInfoCapture;
			productName = CarInfoCapture;
			productReference = 034E6950182C83D400BD5612 /* CarInfoCapture.app */;
			productType = "com.apple.product-type.application";
		};
		034E696A182C83D400BD5612 /* CarInfoCaptureTests */ = {
			isa = PBXNativeTarget;
			buildConfigurationList = 034E697F182C83D400BD5612 /* Build configuration list for PBXNativeTarget "CarInfoCaptureTests" */;
			buildPhases = (
				034E6967182C83D400BD5612 /* Sources */,
				034E6968182C83D400BD5612 /* Frameworks */,
				034E6969182C83D400BD5612 /* Resources */,
			);
			buildRules = (
			);
			dependencies = (
				034E6971182C83D400BD5612 /* PBXTargetDependency */,
			);
			name = CarInfoCaptureTests;
			productName = CarInfoCaptureTests;
			productReference = 034E696B182C83D400BD5612 /* CarInfoCaptureTests.xctest */;
			productType = "com.apple.product-type.bundle.unit-test";
		};
/* End PBXNativeTarget section */

/* Begin PBXProject section */
		034E6948182C83D400BD5612 /* Project object */ = {
			isa = PBXProject;
			attributes = {
				CLASSPREFIX = CIC;
				LastUpgradeCheck = 0500;
				ORGANIZATIONNAME = "Liu Feng";
				TargetAttributes = {
					034E694F182C83D400BD5612 = {
						DevelopmentTeam = ZZAGTE8AU9;
					};
					034E696A182C83D400BD5612 = {
						TestTargetID = 034E694F182C83D400BD5612;
					};
				};
			};
			buildConfigurationList = 034E694B182C83D400BD5612 /* Build configuration list for PBXProject "CarInfoCapture" */;
			compatibilityVersion = "Xcode 3.2";
			developmentRegion = English;
			hasScannedForEncodings = 0;
			knownRegions = (
				en,
			);
			mainGroup = 034E6947182C83D400BD5612;
			productRefGroup = 034E6951182C83D400BD5612 /* Products */;
			projectDirPath = "";
			projectRoot = "";
			targets = (
				034E694F182C83D400BD5612 /* CarInfoCapture */,
				034E696A182C83D400BD5612 /* CarInfoCaptureTests */,
			);
		};
/* End PBXProject section */

/* Begin PBXResourcesBuildPhase section */
		034E694E182C83D400BD5612 /* Resources */ = {
			isa = PBXResourcesBuildPhase;
			buildActionMask = 2147483647;
			files = (
				034E6983182C842700BD5612 /* Main.storyboard in Resources */,
				034E695E182C83D400BD5612 /* InfoPlist.strings in Resources */,
				034E6966182C83D400BD5612 /* Images.xcassets in Resources */,
			);
			runOnlyForDeploymentPostprocessing = 0;
		};
		034E6969182C83D400BD5612 /* Resources */ = {
			isa = PBXResourcesBuildPhase;
			buildActionMask = 2147483647;
			files = (
				034E6977182C83D400BD5612 /* InfoPlist.strings in Resources */,
			);
			runOnlyForDeploymentPostprocessing = 0;
		};
/* End PBXResourcesBuildPhase section */

/* Begin PBXSourcesBuildPhase section */
		034E694C182C83D400BD5612 /* Sources */ = {
			isa = PBXSourcesBuildPhase;
			buildActionMask = 2147483647;
			files = (
				034E6964182C83D400BD5612 /* CICAppDelegate.m in Sources */,
				034E6960182C83D400BD5612 /* main.m in Sources */,
				03646F851830D66D005A81D9 /* CICCarInfoService.m in Sources */,
				03646F821830CE28005A81D9 /* CICMyCaptureListViewController.m in Sources */,
				03646F881830DB8A005A81D9 /* CICCarInfoCell.m in Sources */,
				03D8102A1830ECD400264735 /* CICCarInfoEntity.m in Sources */,
				03646F7F1830B216005A81D9 /* CICCarFirstReportViewController.m in Sources */,
			);
			runOnlyForDeploymentPostprocessing = 0;
		};
		034E6967182C83D400BD5612 /* Sources */ = {
			isa = PBXSourcesBuildPhase;
			buildActionMask = 2147483647;
			files = (
				034E6979182C83D400BD5612 /* CarInfoCaptureTests.m in Sources */,
			);
			runOnlyForDeploymentPostprocessing = 0;
		};
/* End PBXSourcesBuildPhase section */

/* Begin PBXTargetDependency section */
		034E6971182C83D400BD5612 /* PBXTargetDependency */ = {
			isa = PBXTargetDependency;
			target = 034E694F182C83D400BD5612 /* CarInfoCapture */;
			targetProxy = 034E6970182C83D400BD5612 /* PBXContainerItemProxy */;
		};
/* End PBXTargetDependency section */

/* Begin PBXVariantGroup section */
		034E695C182C83D400BD5612 /* InfoPlist.strings */ = {
			isa = PBXVariantGroup;
			children = (
				034E695D182C83D400BD5612 /* en */,
			);
			name = InfoPlist.strings;
			sourceTree = "<group>";
		};
		034E6975182C83D400BD5612 /* InfoPlist.strings */ = {
			isa = PBXVariantGroup;
			children = (
				034E6976182C83D400BD5612 /* en */,
			);
			name = InfoPlist.strings;
			sourceTree = "<group>";
		};
/* End PBXVariantGroup section */

/* Begin XCBuildConfiguration section */
		034E697A182C83D400BD5612 /* Debug */ = {
			isa = XCBuildConfiguration;
			buildSettings = {
				ALWAYS_SEARCH_USER_PATHS = NO;
				ARCHS = "$(ARCHS_STANDARD_INCLUDING_64_BIT)";
				CLANG_CXX_LANGUAGE_STANDARD = "gnu++0x";
				CLANG_CXX_LIBRARY = "libc++";
				CLANG_ENABLE_MODULES = YES;
				CLANG_ENABLE_OBJC_ARC = YES;
				CLANG_WARN_BOOL_CONVERSION = YES;
				CLANG_WARN_CONSTANT_CONVERSION = YES;
				CLANG_WARN_DIRECT_OBJC_ISA_USAGE = YES_ERROR;
				CLANG_WARN_EMPTY_BODY = YES;
				CLANG_WARN_ENUM_CONVERSION = YES;
				CLANG_WARN_INT_CONVERSION = YES;
				CLANG_WARN_OBJC_ROOT_CLASS = YES_ERROR;
				CLANG_WARN__DUPLICATE_METHOD_MATCH = YES;
				"CODE_SIGN_IDENTITY[sdk=iphoneos*]" = "iPhone Developer";
				COPY_PHASE_STRIP = NO;
				GCC_C_LANGUAGE_STANDARD = gnu99;
				GCC_DYNAMIC_NO_PIC = NO;
				GCC_OPTIMIZATION_LEVEL = 0;
				GCC_PREPROCESSOR_DEFINITIONS = (
					"DEBUG=1",
					"$(inherited)",
				);
				GCC_SYMBOLS_PRIVATE_EXTERN = NO;
				GCC_WARN_64_TO_32_BIT_CONVERSION = YES;
				GCC_WARN_ABOUT_RETURN_TYPE = YES_ERROR;
				GCC_WARN_UNDECLARED_SELECTOR = YES;
				GCC_WARN_UNINITIALIZED_AUTOS = YES;
				GCC_WARN_UNUSED_FUNCTION = YES;
				GCC_WARN_UNUSED_VARIABLE = YES;
				IPHONEOS_DEPLOYMENT_TARGET = 7.0;
				ONLY_ACTIVE_ARCH = YES;
				SDKROOT = iphoneos;
			};
			name = Debug;
		};
		034E697B182C83D400BD5612 /* Release */ = {
			isa = XCBuildConfiguration;
			buildSettings = {
				ALWAYS_SEARCH_USER_PATHS = NO;
				ARCHS = "$(ARCHS_STANDARD_INCLUDING_64_BIT)";
				CLANG_CXX_LANGUAGE_STANDARD = "gnu++0x";
				CLANG_CXX_LIBRARY = "libc++";
				CLANG_ENABLE_MODULES = YES;
				CLANG_ENABLE_OBJC_ARC = YES;
				CLANG_WARN_BOOL_CONVERSION = YES;
				CLANG_WARN_CONSTANT_CONVERSION = YES;
				CLANG_WARN_DIRECT_OBJC_ISA_USAGE = YES_ERROR;
				CLANG_WARN_EMPTY_BODY = YES;
				CLANG_WARN_ENUM_CONVERSION = YES;
				CLANG_WARN_INT_CONVERSION = YES;
				CLANG_WARN_OBJC_ROOT_CLASS = YES_ERROR;
				CLANG_WARN__DUPLICATE_METHOD_MATCH = YES;
				"CODE_SIGN_IDENTITY[sdk=iphoneos*]" = "iPhone Developer";
				COPY_PHASE_STRIP = YES;
				ENABLE_NS_ASSERTIONS = NO;
				GCC_C_LANGUAGE_STANDARD = gnu99;
				GCC_WARN_64_TO_32_BIT_CONVERSION = YES;
				GCC_WARN_ABOUT_RETURN_TYPE = YES_ERROR;
				GCC_WARN_UNDECLARED_SELECTOR = YES;
				GCC_WARN_UNINITIALIZED_AUTOS = YES;
				GCC_WARN_UNUSED_FUNCTION = YES;
				GCC_WARN_UNUSED_VARIABLE = YES;
				IPHONEOS_DEPLOYMENT_TARGET = 7.0;
				SDKROOT = iphoneos;
				VALIDATE_PRODUCT = YES;
			};
			name = Release;
		};
		034E697D182C83D400BD5612 /* Debug */ = {
			isa = XCBuildConfiguration;
			buildSettings = {
				ASSETCATALOG_COMPILER_APPICON_NAME = AppIcon;
				ASSETCATALOG_COMPILER_LAUNCHIMAGE_NAME = LaunchImage;
				CODE_SIGN_IDENTITY = "iPhone Developer";
				GCC_PRECOMPILE_PREFIX_HEADER = YES;
				GCC_PREFIX_HEADER = "CarInfoCapture/CarInfoCapture-Prefix.pch";
				INFOPLIST_FILE = "CarInfoCapture/CarInfoCapture-Info.plist";
				IPHONEOS_DEPLOYMENT_TARGET = 6.0;
				PRODUCT_NAME = "$(TARGET_NAME)";
				WRAPPER_EXTENSION = app;
			};
			name = Debug;
		};
		034E697E182C83D400BD5612 /* Release */ = {
			isa = XCBuildConfiguration;
			buildSettings = {
				ASSETCATALOG_COMPILER_APPICON_NAME = AppIcon;
				ASSETCATALOG_COMPILER_LAUNCHIMAGE_NAME = LaunchImage;
				CODE_SIGN_IDENTITY = "iPhone Developer";
				GCC_PRECOMPILE_PREFIX_HEADER = YES;
				GCC_PREFIX_HEADER = "CarInfoCapture/CarInfoCapture-Prefix.pch";
				INFOPLIST_FILE = "CarInfoCapture/CarInfoCapture-Info.plist";
				IPHONEOS_DEPLOYMENT_TARGET = 6.0;
				PRODUCT_NAME = "$(TARGET_NAME)";
				WRAPPER_EXTENSION = app;
			};
			name = Release;
		};
		034E6980182C83D400BD5612 /* Debug */ = {
			isa = XCBuildConfiguration;
			buildSettings = {
				ARCHS = "$(ARCHS_STANDARD_INCLUDING_64_BIT)";
				BUNDLE_LOADER = "$(BUILT_PRODUCTS_DIR)/CarInfoCapture.app/CarInfoCapture";
				FRAMEWORK_SEARCH_PATHS = (
					"$(SDKROOT)/Developer/Library/Frameworks",
					"$(inherited)",
					"$(DEVELOPER_FRAMEWORKS_DIR)",
				);
				GCC_PRECOMPILE_PREFIX_HEADER = YES;
				GCC_PREFIX_HEADER = "CarInfoCapture/CarInfoCapture-Prefix.pch";
				GCC_PREPROCESSOR_DEFINITIONS = (
					"DEBUG=1",
					"$(inherited)",
				);
				INFOPLIST_FILE = "CarInfoCaptureTests/CarInfoCaptureTests-Info.plist";
				PRODUCT_NAME = "$(TARGET_NAME)";
				TEST_HOST = "$(BUNDLE_LOADER)";
				WRAPPER_EXTENSION = xctest;
			};
			name = Debug;
		};
		034E6981182C83D400BD5612 /* Release */ = {
			isa = XCBuildConfiguration;
			buildSettings = {
				ARCHS = "$(ARCHS_STANDARD_INCLUDING_64_BIT)";
				BUNDLE_LOADER = "$(BUILT_PRODUCTS_DIR)/CarInfoCapture.app/CarInfoCapture";
				FRAMEWORK_SEARCH_PATHS = (
					"$(SDKROOT)/Developer/Library/Frameworks",
					"$(inherited)",
					"$(DEVELOPER_FRAMEWORKS_DIR)",
				);
				GCC_PRECOMPILE_PREFIX_HEADER = YES;
				GCC_PREFIX_HEADER = "CarInfoCapture/CarInfoCapture-Prefix.pch";
				INFOPLIST_FILE = "CarInfoCaptureTests/CarInfoCaptureTests-Info.plist";
				PRODUCT_NAME = "$(TARGET_NAME)";
				TEST_HOST = "$(BUNDLE_LOADER)";
				WRAPPER_EXTENSION = xctest;
			};
			name = Release;
		};
/* End XCBuildConfiguration section */

/* Begin XCConfigurationList section */
		034E694B182C83D400BD5612 /* Build configuration list for PBXProject "CarInfoCapture" */ = {
			isa = XCConfigurationList;
			buildConfigurations = (
				034E697A182C83D400BD5612 /* Debug */,
				034E697B182C83D400BD5612 /* Release */,
			);
			defaultConfigurationIsVisible = 0;
			defaultConfigurationName = Release;
		};
		034E697C182C83D400BD5612 /* Build configuration list for PBXNativeTarget "CarInfoCapture" */ = {
			isa = XCConfigurationList;
			buildConfigurations = (
				034E697D182C83D400BD5612 /* Debug */,
				034E697E182C83D400BD5612 /* Release */,
			);
			defaultConfigurationIsVisible = 0;
			defaultConfigurationName = Release;
		};
		034E697F182C83D400BD5612 /* Build configuration list for PBXNativeTarget "CarInfoCaptureTests" */ = {
			isa = XCConfigurationList;
			buildConfigurations = (
				034E6980182C83D400BD5612 /* Debug */,
				034E6981182C83D400BD5612 /* Release */,
			);
			defaultConfigurationIsVisible = 0;
			defaultConfigurationName = Release;
		};
/* End XCConfigurationList section */
	};
	rootObject = 034E6948182C83D400BD5612 /* Project object */;
}
